speakeasyVersion: 1.580.1
sources:
    my-source:
        sourceNamespace: my-source
        sourceRevisionDigest: sha256:10a51eca2a09f8780ef23fa96b1d71bb2ad4a7d38dce5888fd8455ecfd94e1fd
        sourceBlobDigest: sha256:9a5525aadce77f18c40d4f51643ed8c4216fd67ea8e7e54cccc6d3ecbf8d7e15
        tags:
            - latest
            - speakeasy-sdk-regen-speakeasy-sdk-regen-1772498491-1776276991
            - 1.0.0
targets:
    my-first-target:
        source: my-source
        sourceNamespace: my-source
        sourceRevisionDigest: sha256:10a51eca2a09f8780ef23fa96b1d71bb2ad4a7d38dce5888fd8455ecfd94e1fd
        sourceBlobDigest: sha256:9a5525aadce77f18c40d4f51643ed8c4216fd67ea8e7e54cccc6d3ecbf8d7e15
        codeSamplesNamespace: my-source-typescript-code-samples
        codeSamplesRevisionDigest: sha256:fc576c61dc9f7d6d48de390c8811b7f8e440b554ae2cdf1adfbe7ef9cf260635
workflow:
    workflowVersion: 1.0.0
    speakeasyVersion: 1.580.1
    sources:
        my-source:
            inputs:
                - location: https://raw.githubusercontent.com/payfone/prove-openapi/main/orchestration.yaml
                  authHeader: Authorization
                  authSecret: $OPENAPI_DOC_AUTH_TOKEN
            registry:
                location: registry.speakeasyapi.dev/prove/prove-dev/my-source
    targets:
        my-first-target:
            target: typescript
            source: my-source
            publish:
                npm:
                    token: $npm_token
            codeSamples:
                output: codeSamples.yaml
                registry:
                    location: registry.speakeasyapi.dev/prove/prove-dev/my-source-typescript-code-samples
                blocking: false
