speakeasyVersion: 1.580.1
sources:
    my-source:
        sourceNamespace: my-source
        sourceRevisionDigest: sha256:c21914cf16e9a2fe1ff7b1b25de77a141566772f30f06fad6c9ab629a6c271e0
        sourceBlobDigest: sha256:00ec5e473534d98fd0eabb579edba42622e96350f5a89d3242d8305f3233ac7f
        tags:
            - latest
            - speakeasy-sdk-regen-1750298248
            - 1.0.0
targets:
    my-first-target:
        source: my-source
        sourceNamespace: my-source
        sourceRevisionDigest: sha256:c21914cf16e9a2fe1ff7b1b25de77a141566772f30f06fad6c9ab629a6c271e0
        sourceBlobDigest: sha256:00ec5e473534d98fd0eabb579edba42622e96350f5a89d3242d8305f3233ac7f
        codeSamplesNamespace: my-source-typescript-code-samples
        codeSamplesRevisionDigest: sha256:7ecd39c0fa2c37d3c33112963e797914fd22bc8b2dfde27ab5028ecc3f848d87
workflow:
    workflowVersion: 1.0.0
    speakeasyVersion: 1.580.1
    sources:
        my-source:
            inputs:
                - location: https://raw.githubusercontent.com/payfone/prove-openapi/main/orchestration.yaml
                  authHeader: Authorization
                  authSecret: $OPENAPI_DOC_AUTH_TOKEN
            registry:
                location: registry.speakeasyapi.dev/prove/prove-dev/my-source
    targets:
        my-first-target:
            target: typescript
            source: my-source
            publish:
                npm:
                    token: $npm_token
            codeSamples:
                output: codeSamples.yaml
                registry:
                    location: registry.speakeasyapi.dev/prove/prove-dev/my-source-typescript-code-samples
                blocking: false
