speakeasyVersion: 1.580.1
sources:
    my-source:
        sourceNamespace: my-source
        sourceRevisionDigest: sha256:b3be37d97e821e2d8cea7b86d22b9b49d6ddc9b4d1a194a4d6cde7e4db2b3ad6
        sourceBlobDigest: sha256:dcd21b089d73b1aff8154ee0042832d473d0eb807fa1aa8d85b1dc3465439fd6
        tags:
            - latest
            - speakeasy-sdk-regen-1755913600
            - 1.0.0
targets:
    my-first-target:
        source: my-source
        sourceNamespace: my-source
        sourceRevisionDigest: sha256:b3be37d97e821e2d8cea7b86d22b9b49d6ddc9b4d1a194a4d6cde7e4db2b3ad6
        sourceBlobDigest: sha256:dcd21b089d73b1aff8154ee0042832d473d0eb807fa1aa8d85b1dc3465439fd6
        codeSamplesNamespace: my-source-typescript-code-samples
        codeSamplesRevisionDigest: sha256:beb7bed060bec63cda175eb658ba78814a7dc6383f88170a01a55c732367553b
workflow:
    workflowVersion: 1.0.0
    speakeasyVersion: 1.580.1
    sources:
        my-source:
            inputs:
                - location: https://raw.githubusercontent.com/payfone/prove-openapi/main/orchestration.yaml
                  authHeader: Authorization
                  authSecret: $OPENAPI_DOC_AUTH_TOKEN
            registry:
                location: registry.speakeasyapi.dev/prove/prove-dev/my-source
    targets:
        my-first-target:
            target: typescript
            source: my-source
            publish:
                npm:
                    token: $npm_token
            codeSamples:
                output: codeSamples.yaml
                registry:
                    location: registry.speakeasyapi.dev/prove/prove-dev/my-source-typescript-code-samples
                blocking: false
